{
  "version": 1,
  "dependencies": {
    "net8.0": {
      "FluentValidation": {
        "type": "Direct",
        "requested": "[11.9.2, )",
        "resolved": "11.9.2",
        "contentHash": "XeHp9LvFvu1fsQ/NvDCymV02GOCB1nz7ZUhfpI3uMhCcHTkV1K5bMkv+Nc/kuNYyAsX5+5bcmUanIEMd5QN+Eg=="
      },
      "Newtonsoft.Json": {
        "type": "Direct",
        "requested": "[13.0.3, )",
        "resolved": "13.0.3",
        "contentHash": "HrC5BXdl00IP9zeV+0Z848QWPAoCr9P3bDEZguI+gkLcBKAOxix/tLEAAHC+UvDNPv4a2d18lOReHMOagPa+zQ=="
      }
    }
  }
}